// !$*UTF8*$!
{
	archiveVersion = 1;
	classes = {
	};
	objectVersion = 56;
	objects = {

/* Begin PBXBuildFile section */
		7F8E801B2AB9D01A0001067C /* swiftui_crashcourseApp.swift in Sources */ = {isa = PBXBuildFile; fileRef = 7F8E801A2AB9D01A0001067C /* swiftui_crashcourseApp.swift */; };
		7F8E801D2AB9D01A0001067C /* ContentView.swift in Sources */ = {isa = PBXBuildFile; fileRef = 7F8E801C2AB9D01A0001067C /* ContentView.swift */; };
		7F8E801F2AB9D01B0001067C /* Assets.xcassets in Resources */ = {isa = PBXBuildFile; fileRef = 7F8E801E2AB9D01B0001067C /* Assets.xcassets */; };
		7F8E80222AB9D01B0001067C /* Preview Assets.xcassets in Resources */ = {isa = PBXBuildFile; fileRef = 7F8E80212AB9D01B0001067C /* Preview Assets.xcassets */; };
		7F8E802C2AB9D01B0001067C /* swiftui_crashcourseTests.swift in Sources */ = {isa = PBXBuildFile; fileRef = 7F8E802B2AB9D01B0001067C /* swiftui_crashcourseTests.swift */; };
		7F8E80362AB9D01B0001067C /* swiftui_crashcourseUITests.swift in Sources */ = {isa = PBXBuildFile; fileRef = 7F8E80352AB9D01B0001067C /* swiftui_crashcourseUITests.swift */; };
		7F8E80382AB9D01B0001067C /* swiftui_crashcourseUITestsLaunchTests.swift in Sources */ = {isa = PBXBuildFile; fileRef = 7F8E80372AB9D01B0001067C /* swiftui_crashcourseUITestsLaunchTests.swift */; };
/* End PBXBuildFile section */

/* Begin PBXContainerItemProxy section */
		7F8E80282AB9D01B0001067C /* PBXContainerItemProxy */ = {
			isa = PBXContainerItemProxy;
			containerPortal = 7F8E800F2AB9D01A0001067C /* Project object */;
			proxyType = 1;
			remoteGlobalIDString = 7F8E80162AB9D01A0001067C;
			remoteInfo = "swiftui-crashcourse";
		};
		7F8E80322AB9D01B0001067C /* PBXContainerItemProxy */ = {
			isa = PBXContainerItemProxy;
			containerPortal = 7F8E800F2AB9D01A0001067C /* Project object */;
			proxyType = 1;
			remoteGlobalIDString = 7F8E80162AB9D01A0001067C;
			remoteInfo = "swiftui-crashcourse";
		};
/* End PBXContainerItemProxy section */

/* Begin PBXFileReference section */
		7F8E80172AB9D01A0001067C /* swiftui-crashcourse.app */ = {isa = PBXFileReference; explicitFileType = wrapper.application; includeInIndex = 0; path = "swiftui-crashcourse.app"; sourceTree = BUILT_PRODUCTS_DIR; };
		7F8E801A2AB9D01A0001067C /* swiftui_crashcourseApp.swift */ = {isa = PBXFileReference; lastKnownFileType = sourcecode.swift; path = swiftui_crashcourseApp.swift; sourceTree = "<group>"; };
		7F8E801C2AB9D01A0001067C /* ContentView.swift */ = {isa = PBXFileReference; lastKnownFileType = sourcecode.swift; path = ContentView.swift; sourceTree = "<group>"; };
		7F8E801E2AB9D01B0001067C /* Assets.xcassets */ = {isa = PBXFileReference; lastKnownFileType = folder.assetcatalog; path = Assets.xcassets; sourceTree = "<group>"; };
		7F8E80212AB9D01B0001067C /* Preview Assets.xcassets */ = {isa = PBXFileReference; lastKnownFileType = folder.assetcatalog; path = "Preview Assets.xcassets"; sourceTree = "<group>"; };
		7F8E80272AB9D01B0001067C /* swiftui-crashcourseTests.xctest */ = {isa = PBXFileReference; explicitFileType = wrapper.cfbundle; includeInIndex = 0; path = "swiftui-crashcourseTests.xctest"; sourceTree = BUILT_PRODUCTS_DIR; };
		7F8E802B2AB9D01B0001067C /* swiftui_crashcourseTests.swift */ = {isa = PBXFileReference; lastKnownFileType = sourcecode.swift; path = swiftui_crashcourseTests.swift; sourceTree = "<group>"; };
		7F8E80312AB9D01B0001067C /* swiftui-crashcourseUITests.xctest */ = {isa = PBXFileReference; explicitFileType = wrapper.cfbundle; includeInIndex = 0; path = "swiftui-crashcourseUITests.xctest"; sourceTree = BUILT_PRODUCTS_DIR; };
		7F8E80352AB9D01B0001067C /* swiftui_crashcourseUITests.swift */ = {isa = PBXFileReference; lastKnownFileType = sourcecode.swift; path = swiftui_crashcourseUITests.swift; sourceTree = "<group>"; };
		7F8E80372AB9D01B0001067C /* swiftui_crashcourseUITestsLaunchTests.swift */ = {isa = PBXFileReference; lastKnownFileType = sourcecode.swift; path = swiftui_crashcourseUITestsLaunchTests.swift; sourceTree = "<group>"; };
/* End PBXFileReference section */

/* Begin PBXFrameworksBuildPhase section */
		7F8E80142AB9D01A0001067C /* Frameworks */ = {
			isa = PBXFrameworksBuildPhase;
			buildActionMask = 2147483647;
			files = (
			);
			runOnlyForDeploymentPostprocessing = 0;
		};
		7F8E80242AB9D01B0001067C /* Frameworks */ = {
			isa = PBXFrameworksBuildPhase;
			buildActionMask = 2147483647;
			files = (
			);
			runOnlyForDeploymentPostprocessing = 0;
		};
		7F8E802E2AB9D01B0001067C /* Frameworks */ = {
			isa = PBXFrameworksBuildPhase;
			buildActionMask = 2147483647;
			files = (
			);
			runOnlyForDeploymentPostprocessing = 0;
		};
/* End PBXFrameworksBuildPhase section */

/* Begin PBXGroup section */
		7F8E800E2AB9D01A0001067C = {
			isa = PBXGroup;
			children = (
				7F8E80192AB9D01A0001067C /* swiftui-crashcourse */,
				7F8E802A2AB9D01B0001067C /* swiftui-crashcourseTests */,
				7F8E80342AB9D01B0001067C /* swiftui-crashcourseUITests */,
				7F8E80182AB9D01A0001067C /* Products */,
			);
			sourceTree = "<group>";
		};
		7F8E80182AB9D01A0001067C /* Products */ = {
			isa = PBXGroup;
			children = (
				7F8E80172AB9D01A0001067C /* swiftui-crashcourse.app */,
				7F8E80272AB9D01B0001067C /* swiftui-crashcourseTests.xctest */,
				7F8E80312AB9D01B0001067C /* swiftui-crashcourseUITests.xctest */,
			);
			name = Products;
			sourceTree = "<group>";
		};
		7F8E80192AB9D01A0001067C /* swiftui-crashcourse */ = {
			isa = PBXGroup;
			children = (
				7F8E801A2AB9D01A0001067C /* swiftui_crashcourseApp.swift */,
				7F8E801C2AB9D01A0001067C /* ContentView.swift */,
				7F8E801E2AB9D01B0001067C /* Assets.xcassets */,
				7F8E80202AB9D01B0001067C /* Preview Content */,
			);
			path = "swiftui-crashcourse";
			sourceTree = "<group>";
		};
		7F8E80202AB9D01B0001067C /* Preview Content */ = {
			isa = PBXGroup;
			children = (
				7F8E80212AB9D01B0001067C /* Preview Assets.xcassets */,
			);
			path = "Preview Content";
			sourceTree = "<group>";
		};
		7F8E802A2AB9D01B0001067C /* swiftui-crashcourseTests */ = {
			isa = PBXGroup;
			children = (
				7F8E802B2AB9D01B0001067C /* swiftui_crashcourseTests.swift */,
			);
			path = "swiftui-crashcourseTests";
			sourceTree = "<group>";
		};
		7F8E80342AB9D01B0001067C /* swiftui-crashcourseUITests */ = {
			isa = PBXGroup;
			children = (
				7F8E80352AB9D01B0001067C /* swiftui_crashcourseUITests.swift */,
				7F8E80372AB9D01B0001067C /* swiftui_crashcourseUITestsLaunchTests.swift */,
			);
			path = "swiftui-crashcourseUITests";
			sourceTree = "<group>";
		};
/* End PBXGroup section */

/* Begin PBXNativeTarget section */
		7F8E80162AB9D01A0001067C /* swiftui-crashcourse */ = {
			isa = PBXNativeTarget;
			buildConfigurationList = 7F8E803B2AB9D01B0001067C /* Build configuration list for PBXNativeTarget "swiftui-crashcourse" */;
			buildPhases = (
				7F8E80132AB9D01A0001067C /* Sources */,
				7F8E80142AB9D01A0001067C /* Frameworks */,
				7F8E80152AB9D01A0001067C /* Resources */,
			);
			buildRules = (
			);
			dependencies = (
			);
			name = "swiftui-crashcourse";
			productName = "swiftui-crashcourse";
			productReference = 7F8E80172AB9D01A0001067C /* swiftui-crashcourse.app */;
			productType = "com.apple.product-type.application";
		};
		7F8E80262AB9D01B0001067C /* swiftui-crashcourseTests */ = {
			isa = PBXNativeTarget;
			buildConfigurationList = 7F8E803E2AB9D01B0001067C /* Build configuration list for PBXNativeTarget "swiftui-crashcourseTests" */;
			buildPhases = (
				7F8E80232AB9D01B0001067C /* Sources */,
				7F8E80242AB9D01B0001067C /* Frameworks */,
				7F8E80252AB9D01B0001067C /* Resources */,
			);
			buildRules = (
			);
			dependencies = (
				7F8E80292AB9D01B0001067C /* PBXTargetDependency */,
			);
			name = "swiftui-crashcourseTests";
			productName = "swiftui-crashcourseTests";
			productReference = 7F8E80272AB9D01B0001067C /* swiftui-crashcourseTests.xctest */;
			productType = "com.apple.product-type.bundle.unit-test";
		};
		7F8E80302AB9D01B0001067C /* swiftui-crashcourseUITests */ = {
			isa = PBXNativeTarget;
			buildConfigurationList = 7F8E80412AB9D01B0001067C /* Build configuration list for PBXNativeTarget "swiftui-crashcourseUITests" */;
			buildPhases = (
				7F8E802D2AB9D01B0001067C /* Sources */,
				7F8E802E2AB9D01B0001067C /* Frameworks */,
				7F8E802F2AB9D01B0001067C /* Resources */,
			);
			buildRules = (
			);
			dependencies = (
				7F8E80332AB9D01B0001067C /* PBXTargetDependency */,
			);
			name = "swiftui-crashcourseUITests";
			productName = "swiftui-crashcourseUITests";
			productReference = 7F8E80312AB9D01B0001067C /* swiftui-crashcourseUITests.xctest */;
			productType = "com.apple.product-type.bundle.ui-testing";
		};
/* End PBXNativeTarget section */

/* Begin PBXProject section */
		7F8E800F2AB9D01A0001067C /* Project object */ = {
			isa = PBXProject;
			attributes = {
				BuildIndependentTargetsInParallel = 1;
				LastSwiftUpdateCheck = 1420;
				LastUpgradeCheck = 1420;
				TargetAttributes = {
					7F8E80162AB9D01A0001067C = {
						CreatedOnToolsVersion = 14.2;
					};
					7F8E80262AB9D01B0001067C = {
						CreatedOnToolsVersion = 14.2;
						TestTargetID = 7F8E80162AB9D01A0001067C;
					};
					7F8E80302AB9D01B0001067C = {
						CreatedOnToolsVersion = 14.2;
						TestTargetID = 7F8E80162AB9D01A0001067C;
					};
				};
			};
			buildConfigurationList = 7F8E80122AB9D01A0001067C /* Build configuration list for PBXProject "swiftui-crashcourse" */;
			compatibilityVersion = "Xcode 14.0";
			developmentRegion = en;
			hasScannedForEncodings = 0;
			knownRegions = (
				en,
				Base,
			);
			mainGroup = 7F8E800E2AB9D01A0001067C;
			productRefGroup = 7F8E80182AB9D01A0001067C /* Products */;
			projectDirPath = "";
			projectRoot = "";
			targets = (
				7F8E80162AB9D01A0001067C /* swiftui-crashcourse */,
				7F8E80262AB9D01B0001067C /* swiftui-crashcourseTests */,
				7F8E80302AB9D01B0001067C /* swiftui-crashcourseUITests */,
			);
		};
/* End PBXProject section */

/* Begin PBXResourcesBuildPhase section */
		7F8E80152AB9D01A0001067C /* Resources */ = {
			isa = PBXResourcesBuildPhase;
			buildActionMask = 2147483647;
			files = (
				7F8E80222AB9D01B0001067C /* Preview Assets.xcassets in Resources */,
				7F8E801F2AB9D01B0001067C /* Assets.xcassets in Resources */,
			);
			runOnlyForDeploymentPostprocessing = 0;
		};
		7F8E80252AB9D01B0001067C /* Resources */ = {
			isa = PBXResourcesBuildPhase;
			buildActionMask = 2147483647;
			files = (
			);
			runOnlyForDeploymentPostprocessing = 0;
		};
		7F8E802F2AB9D01B0001067C /* Resources */ = {
			isa = PBXResourcesBuildPhase;
			buildActionMask = 2147483647;
			files = (
			);
			runOnlyForDeploymentPostprocessing = 0;
		};
/* End PBXResourcesBuildPhase section */

/* Begin PBXSourcesBuildPhase section */
		7F8E80132AB9D01A0001067C /* Sources */ = {
			isa = PBXSourcesBuildPhase;
			buildActionMask = 2147483647;
			files = (
				7F8E801D2AB9D01A0001067C /* ContentView.swift in Sources */,
				7F8E801B2AB9D01A0001067C /* swiftui_crashcourseApp.swift in Sources */,
			);
			runOnlyForDeploymentPostprocessing = 0;
		};
		7F8E80232AB9D01B0001067C /* Sources */ = {
			isa = PBXSourcesBuildPhase;
			buildActionMask = 2147483647;
			files = (
				7F8E802C2AB9D01B0001067C /* swiftui_crashcourseTests.swift in Sources */,
			);
			runOnlyForDeploymentPostprocessing = 0;
		};
		7F8E802D2AB9D01B0001067C /* Sources */ = {
			isa = PBXSourcesBuildPhase;
			buildActionMask = 2147483647;
			files = (
				7F8E80362AB9D01B0001067C /* swiftui_crashcourseUITests.swift in Sources */,
				7F8E80382AB9D01B0001067C /* swiftui_crashcourseUITestsLaunchTests.swift in Sources */,
			);
			runOnlyForDeploymentPostprocessing = 0;
		};
/* End PBXSourcesBuildPhase section */

/* Begin PBXTargetDependency section */
		7F8E80292AB9D01B0001067C /* PBXTargetDependency */ = {
			isa = PBXTargetDependency;
			target = 7F8E80162AB9D01A0001067C /* swiftui-crashcourse */;
			targetProxy = 7F8E80282AB9D01B0001067C /* PBXContainerItemProxy */;
		};
		7F8E80332AB9D01B0001067C /* PBXTargetDependency */ = {
			isa = PBXTargetDependency;
			target = 7F8E80162AB9D01A0001067C /* swiftui-crashcourse */;
			targetProxy = 7F8E80322AB9D01B0001067C /* PBXContainerItemProxy */;
		};
/* End PBXTargetDependency section */

/* Begin XCBuildConfiguration section */
		7F8E80392AB9D01B0001067C /* Debug */ = {
			isa = XCBuildConfiguration;
			buildSettings = {
				ALWAYS_SEARCH_USER_PATHS = NO;
				CLANG_ANALYZER_NONNULL = YES;
				CLANG_ANALYZER_NUMBER_OBJECT_CONVERSION = YES_AGGRESSIVE;
				CLANG_CXX_LANGUAGE_STANDARD = "gnu++20";
				CLANG_ENABLE_MODULES = YES;
				CLANG_ENABLE_OBJC_ARC = YES;
				CLANG_ENABLE_OBJC_WEAK = YES;
				CLANG_WARN_BLOCK_CAPTURE_AUTORELEASING = YES;
				CLANG_WARN_BOOL_CONVERSION = YES;
				CLANG_WARN_COMMA = YES;
				CLANG_WARN_CONSTANT_CONVERSION = YES;
				CLANG_WARN_DEPRECATED_OBJC_IMPLEMENTATIONS = YES;
				CLANG_WARN_DIRECT_OBJC_ISA_USAGE = YES_ERROR;
				CLANG_WARN_DOCUMENTATION_COMMENTS = YES;
				CLANG_WARN_EMPTY_BODY = YES;
				CLANG_WARN_ENUM_CONVERSION = YES;
				CLANG_WARN_INFINITE_RECURSION = YES;
				CLANG_WARN_INT_CONVERSION = YES;
				CLANG_WARN_NON_LITERAL_NULL_CONVERSION = YES;
				CLANG_WARN_OBJC_IMPLICIT_RETAIN_SELF = YES;
				CLANG_WARN_OBJC_LITERAL_CONVERSION = YES;
				CLANG_WARN_OBJC_ROOT_CLASS = YES_ERROR;
				CLANG_WARN_QUOTED_INCLUDE_IN_FRAMEWORK_HEADER = YES;
				CLANG_WARN_RANGE_LOOP_ANALYSIS = YES;
				CLANG_WARN_STRICT_PROTOTYPES = YES;
				CLANG_WARN_SUSPICIOUS_MOVE = YES;
				CLANG_WARN_UNGUARDED_AVAILABILITY = YES_AGGRESSIVE;
				CLANG_WARN_UNREACHABLE_CODE = YES;
				CLANG_WARN__DUPLICATE_METHOD_MATCH = YES;
				COPY_PHASE_STRIP = NO;
				DEBUG_INFORMATION_FORMAT = dwarf;
				ENABLE_STRICT_OBJC_MSGSEND = YES;
				ENABLE_TESTABILITY = YES;
				GCC_C_LANGUAGE_STANDARD = gnu11;
				GCC_DYNAMIC_NO_PIC = NO;
				GCC_NO_COMMON_BLOCKS = YES;
				GCC_OPTIMIZATION_LEVEL = 0;
				GCC_PREPROCESSOR_DEFINITIONS = (
					"DEBUG=1",
					"$(inherited)",
				);
				GCC_WARN_64_TO_32_BIT_CONVERSION = YES;
				GCC_WARN_ABOUT_RETURN_TYPE = YES_ERROR;
				GCC_WARN_UNDECLARED_SELECTOR = YES;
				GCC_WARN_UNINITIALIZED_AUTOS = YES_AGGRESSIVE;
				GCC_WARN_UNUSED_FUNCTION = YES;
				GCC_WARN_UNUSED_VARIABLE = YES;
				IPHONEOS_DEPLOYMENT_TARGET = 16.2;
				MTL_ENABLE_DEBUG_INFO = INCLUDE_SOURCE;
				MTL_FAST_MATH = YES;
				ONLY_ACTIVE_ARCH = YES;
				SDKROOT = iphoneos;
				SWIFT_ACTIVE_COMPILATION_CONDITIONS = DEBUG;
				SWIFT_OPTIMIZATION_LEVEL = "-Onone";
			};
			name = Debug;
		};
		7F8E803A2AB9D01B0001067C /* Release */ = {
			isa = XCBuildConfiguration;
			buildSettings = {
				ALWAYS_SEARCH_USER_PATHS = NO;
				CLANG_ANALYZER_NONNULL = YES;
				CLANG_ANALYZER_NUMBER_OBJECT_CONVERSION = YES_AGGRESSIVE;
				CLANG_CXX_LANGUAGE_STANDARD = "gnu++20";
				CLANG_ENABLE_MODULES = YES;
				CLANG_ENABLE_OBJC_ARC = YES;
				CLANG_ENABLE_OBJC_WEAK = YES;
				CLANG_WARN_BLOCK_CAPTURE_AUTORELEASING = YES;
				CLANG_WARN_BOOL_CONVERSION = YES;
				CLANG_WARN_COMMA = YES;
				CLANG_WARN_CONSTANT_CONVERSION = YES;
				CLANG_WARN_DEPRECATED_OBJC_IMPLEMENTATIONS = YES;
				CLANG_WARN_DIRECT_OBJC_ISA_USAGE = YES_ERROR;
				CLANG_WARN_DOCUMENTATION_COMMENTS = YES;
				CLANG_WARN_EMPTY_BODY = YES;
				CLANG_WARN_ENUM_CONVERSION = YES;
				CLANG_WARN_INFINITE_RECURSION = YES;
				CLANG_WARN_INT_CONVERSION = YES;
				CLANG_WARN_NON_LITERAL_NULL_CONVERSION = YES;
				CLANG_WARN_OBJC_IMPLICIT_RETAIN_SELF = YES;
				CLANG_WARN_OBJC_LITERAL_CONVERSION = YES;
				CLANG_WARN_OBJC_ROOT_CLASS = YES_ERROR;
				CLANG_WARN_QUOTED_INCLUDE_IN_FRAMEWORK_HEADER = YES;
				CLANG_WARN_RANGE_LOOP_ANALYSIS = YES;
				CLANG_WARN_STRICT_PROTOTYPES = YES;
				CLANG_WARN_SUSPICIOUS_MOVE = YES;
				CLANG_WARN_UNGUARDED_AVAILABILITY = YES_AGGRESSIVE;
				CLANG_WARN_UNREACHABLE_CODE = YES;
				CLANG_WARN__DUPLICATE_METHOD_MATCH = YES;
				COPY_PHASE_STRIP = NO;
				DEBUG_INFORMATION_FORMAT = "dwarf-with-dsym";
				ENABLE_NS_ASSERTIONS = NO;
				ENABLE_STRICT_OBJC_MSGSEND = YES;
				GCC_C_LANGUAGE_STANDARD = gnu11;
				GCC_NO_COMMON_BLOCKS = YES;
				GCC_WARN_64_TO_32_BIT_CONVERSION = YES;
				GCC_WARN_ABOUT_RETURN_TYPE = YES_ERROR;
				GCC_WARN_UNDECLARED_SELECTOR = YES;
				GCC_WARN_UNINITIALIZED_AUTOS = YES_AGGRESSIVE;
				GCC_WARN_UNUSED_FUNCTION = YES;
				GCC_WARN_UNUSED_VARIABLE = YES;
				IPHONEOS_DEPLOYMENT_TARGET = 16.2;
				MTL_ENABLE_DEBUG_INFO = NO;
				MTL_FAST_MATH = YES;
				SDKROOT = iphoneos;
				SWIFT_COMPILATION_MODE = wholemodule;
				SWIFT_OPTIMIZATION_LEVEL = "-O";
				VALIDATE_PRODUCT = YES;
			};
			name = Release;
		};
		7F8E803C2AB9D01B0001067C /* Debug */ = {
			isa = XCBuildConfiguration;
			buildSettings = {
				ASSETCATALOG_COMPILER_APPICON_NAME = AppIcon;
				ASSETCATALOG_COMPILER_GLOBAL_ACCENT_COLOR_NAME = AccentColor;
				CODE_SIGN_STYLE = Automatic;
				CURRENT_PROJECT_VERSION = 1;
				DEVELOPMENT_ASSET_PATHS = "\"swiftui-crashcourse/Preview Content\"";
				DEVELOPMENT_TEAM = JTJDA797DZ;
				ENABLE_PREVIEWS = YES;
				GENERATE_INFOPLIST_FILE = YES;
				INFOPLIST_KEY_UIApplicationSceneManifest_Generation = YES;
				INFOPLIST_KEY_UIApplicationSupportsIndirectInputEvents = YES;
				INFOPLIST_KEY_UILaunchScreen_Generation = YES;
				INFOPLIST_KEY_UISupportedInterfaceOrientations_iPad = "UIInterfaceOrientationPortrait UIInterfaceOrientationPortraitUpsideDown UIInterfaceOrientationLandscapeLeft UIInterfaceOrientationLandscapeRight";
				INFOPLIST_KEY_UISupportedInterfaceOrientations_iPhone = "UIInterfaceOrientationPortrait UIInterfaceOrientationLandscapeLeft UIInterfaceOrientationLandscapeRight";
				LD_RUNPATH_SEARCH_PATHS = (
					"$(inherited)",
					"@executable_path/Frameworks",
				);
				MARKETING_VERSION = 1.0;
				PRODUCT_BUNDLE_IDENTIFIER = "com.swiftui.crashcourse.swiftui-crashcourse";
				PRODUCT_NAME = "$(TARGET_NAME)";
				SWIFT_EMIT_LOC_STRINGS = YES;
				SWIFT_VERSION = 5.0;
				TARGETED_DEVICE_FAMILY = "1,2";
			};
			name = Debug;
		};
		7F8E803D2AB9D01B0001067C /* Release */ = {
			isa = XCBuildConfiguration;
			buildSettings = {
				ASSETCATALOG_COMPILER_APPICON_NAME = AppIcon;
				ASSETCATALOG_COMPILER_GLOBAL_ACCENT_COLOR_NAME = AccentColor;
				CODE_SIGN_STYLE = Automatic;
				CURRENT_PROJECT_VERSION = 1;
				DEVELOPMENT_ASSET_PATHS = "\"swiftui-crashcourse/Preview Content\"";
				DEVELOPMENT_TEAM = JTJDA797DZ;
				ENABLE_PREVIEWS = YES;
				GENERATE_INFOPLIST_FILE = YES;
				INFOPLIST_KEY_UIApplicationSceneManifest_Generation = YES;
				INFOPLIST_KEY_UIApplicationSupportsIndirectInputEvents = YES;
				INFOPLIST_KEY_UILaunchScreen_Generation = YES;
				INFOPLIST_KEY_UISupportedInterfaceOrientations_iPad = "UIInterfaceOrientationPortrait UIInterfaceOrientationPortraitUpsideDown UIInterfaceOrientationLandscapeLeft UIInterfaceOrientationLandscapeRight";
				INFOPLIST_KEY_UISupportedInterfaceOrientations_iPhone = "UIInterfaceOrientationPortrait UIInterfaceOrientationLandscapeLeft UIInterfaceOrientationLandscapeRight";
				LD_RUNPATH_SEARCH_PATHS = (
					"$(inherited)",
					"@executable_path/Frameworks",
				);
				MARKETING_VERSION = 1.0;
				PRODUCT_BUNDLE_IDENTIFIER = "com.swiftui.crashcourse.swiftui-crashcourse";
				PRODUCT_NAME = "$(TARGET_NAME)";
				SWIFT_EMIT_LOC_STRINGS = YES;
				SWIFT_VERSION = 5.0;
				TARGETED_DEVICE_FAMILY = "1,2";
			};
			name = Release;
		};
		7F8E803F2AB9D01B0001067C /* Debug */ = {
			isa = XCBuildConfiguration;
			buildSettings = {
				ALWAYS_EMBED_SWIFT_STANDARD_LIBRARIES = YES;
				BUNDLE_LOADER = "$(TEST_HOST)";
				CODE_SIGN_STYLE = Automatic;
				CURRENT_PROJECT_VERSION = 1;
				DEVELOPMENT_TEAM = JTJDA797DZ;
				GENERATE_INFOPLIST_FILE = YES;
				IPHONEOS_DEPLOYMENT_TARGET = 16.2;
				MARKETING_VERSION = 1.0;
				PRODUCT_BUNDLE_IDENTIFIER = "com.swiftui.crashcourse.swiftui-crashcourseTests";
				PRODUCT_NAME = "$(TARGET_NAME)";
				SWIFT_EMIT_LOC_STRINGS = NO;
				SWIFT_VERSION = 5.0;
				TARGETED_DEVICE_FAMILY = "1,2";
				TEST_HOST = "$(BUILT_PRODUCTS_DIR)/swiftui-crashcourse.app/$(BUNDLE_EXECUTABLE_FOLDER_PATH)/swiftui-crashcourse";
			};
			name = Debug;
		};
		7F8E80402AB9D01B0001067C /* Release */ = {
			isa = XCBuildConfiguration;
			buildSettings = {
				ALWAYS_EMBED_SWIFT_STANDARD_LIBRARIES = YES;
				BUNDLE_LOADER = "$(TEST_HOST)";
				CODE_SIGN_STYLE = Automatic;
				CURRENT_PROJECT_VERSION = 1;
				DEVELOPMENT_TEAM = JTJDA797DZ;
				GENERATE_INFOPLIST_FILE = YES;
				IPHONEOS_DEPLOYMENT_TARGET = 16.2;
				MARKETING_VERSION = 1.0;
				PRODUCT_BUNDLE_IDENTIFIER = "com.swiftui.crashcourse.swiftui-crashcourseTests";
				PRODUCT_NAME = "$(TARGET_NAME)";
				SWIFT_EMIT_LOC_STRINGS = NO;
				SWIFT_VERSION = 5.0;
				TARGETED_DEVICE_FAMILY = "1,2";
				TEST_HOST = "$(BUILT_PRODUCTS_DIR)/swiftui-crashcourse.app/$(BUNDLE_EXECUTABLE_FOLDER_PATH)/swiftui-crashcourse";
			};
			name = Release;
		};
		7F8E80422AB9D01B0001067C /* Debug */ = {
			isa = XCBuildConfiguration;
			buildSettings = {
				ALWAYS_EMBED_SWIFT_STANDARD_LIBRARIES = YES;
				CODE_SIGN_STYLE = Automatic;
				CURRENT_PROJECT_VERSION = 1;
				DEVELOPMENT_TEAM = JTJDA797DZ;
				GENERATE_INFOPLIST_FILE = YES;
				MARKETING_VERSION = 1.0;
				PRODUCT_BUNDLE_IDENTIFIER = "com.swiftui.crashcourse.swiftui-crashcourseUITests";
				PRODUCT_NAME = "$(TARGET_NAME)";
				SWIFT_EMIT_LOC_STRINGS = NO;
				SWIFT_VERSION = 5.0;
				TARGETED_DEVICE_FAMILY = "1,2";
				TEST_TARGET_NAME = "swiftui-crashcourse";
			};
			name = Debug;
		};
		7F8E80432AB9D01B0001067C /* Release */ = {
			isa = XCBuildConfiguration;
			buildSettings = {
				ALWAYS_EMBED_SWIFT_STANDARD_LIBRARIES = YES;
				CODE_SIGN_STYLE = Automatic;
				CURRENT_PROJECT_VERSION = 1;
				DEVELOPMENT_TEAM = JTJDA797DZ;
				GENERATE_INFOPLIST_FILE = YES;
				MARKETING_VERSION = 1.0;
				PRODUCT_BUNDLE_IDENTIFIER = "com.swiftui.crashcourse.swiftui-crashcourseUITests";
				PRODUCT_NAME = "$(TARGET_NAME)";
				SWIFT_EMIT_LOC_STRINGS = NO;
				SWIFT_VERSION = 5.0;
				TARGETED_DEVICE_FAMILY = "1,2";
				TEST_TARGET_NAME = "swiftui-crashcourse";
			};
			name = Release;
		};
/* End XCBuildConfiguration section */

/* Begin XCConfigurationList section */
		7F8E80122AB9D01A0001067C /* Build configuration list for PBXProject "swiftui-crashcourse" */ = {
			isa = XCConfigurationList;
			buildConfigurations = (
				7F8E80392AB9D01B0001067C /* Debug */,
				7F8E803A2AB9D01B0001067C /* Release */,
			);
			defaultConfigurationIsVisible = 0;
			defaultConfigurationName = Release;
		};
		7F8E803B2AB9D01B0001067C /* Build configuration list for PBXNativeTarget "swiftui-crashcourse" */ = {
			isa = XCConfigurationList;
			buildConfigurations = (
				7F8E803C2AB9D01B0001067C /* Debug */,
				7F8E803D2AB9D01B0001067C /* Release */,
			);
			defaultConfigurationIsVisible = 0;
			defaultConfigurationName = Release;
		};
		7F8E803E2AB9D01B0001067C /* Build configuration list for PBXNativeTarget "swiftui-crashcourseTests" */ = {
			isa = XCConfigurationList;
			buildConfigurations = (
				7F8E803F2AB9D01B0001067C /* Debug */,
				7F8E80402AB9D01B0001067C /* Release */,
			);
			defaultConfigurationIsVisible = 0;
			defaultConfigurationName = Release;
		};
		7F8E80412AB9D01B0001067C /* Build configuration list for PBXNativeTarget "swiftui-crashcourseUITests" */ = {
			isa = XCConfigurationList;
			buildConfigurations = (
				7F8E80422AB9D01B0001067C /* Debug */,
				7F8E80432AB9D01B0001067C /* Release */,
			);
			defaultConfigurationIsVisible = 0;
			defaultConfigurationName = Release;
		};
/* End XCConfigurationList section */
	};
	rootObject = 7F8E800F2AB9D01A0001067C /* Project object */;
}
